// !$*UTF8*$!
{
	archiveVersion = 1;
	classes = {
	};
	objectVersion = 55;
	objects = {

/* Begin PBXBuildFile section */
		CF02CF87281AA17D00C3CF73 /* AppDelegate.swift in Sources */ = {isa = PBXBuildFile; fileRef = CF02CF86281AA17D00C3CF73 /* AppDelegate.swift */; };
		CF02CF89281AA17D00C3CF73 /* SceneDelegate.swift in Sources */ = {isa = PBXBuildFile; fileRef = CF02CF88281AA17D00C3CF73 /* SceneDelegate.swift */; };
		CF02CF8B281AA17D00C3CF73 /* ViewController.swift in Sources */ = {isa = PBXBuildFile; fileRef = CF02CF8A281AA17D00C3CF73 /* ViewController.swift */; };
		CF02CF8E281AA17D00C3CF73 /* Main.storyboard in Resources */ = {isa = PBXBuildFile; fileRef = CF02CF8C281AA17D00C3CF73 /* Main.storyboard */; };
		CF02CF90281AA17D00C3CF73 /* Assets.xcassets in Resources */ = {isa = PBXBuildFile; fileRef = CF02CF8F281AA17D00C3CF73 /* Assets.xcassets */; };
		CF02CF93281AA17D00C3CF73 /* LaunchScreen.storyboard in Resources */ = {isa = PBXBuildFile; fileRef = CF02CF91281AA17D00C3CF73 /* LaunchScreen.storyboard */; };
		CF02CF9B281AA22100C3CF73 /* KeyboardViewController.swift in Sources */ = {isa = PBXBuildFile; fileRef = CF02CF9A281AA22100C3CF73 /* KeyboardViewController.swift */; };
		CF02CF9D281AA24600C3CF73 /* LetterBoardViewController.swift in Sources */ = {isa = PBXBuildFile; fileRef = CF02CF9C281AA24600C3CF73 /* LetterBoardViewController.swift */; };
		CF02CF9F281AB4F500C3CF73 /* KeyCell.swift in Sources */ = {isa = PBXBuildFile; fileRef = CF02CF9E281AB4F500C3CF73 /* KeyCell.swift */; };
/* End PBXBuildFile section */

/* Begin PBXFileReference section */
		CF02CF83281AA17D00C3CF73 /* Wordle.app */ = {isa = PBXFileReference; explicitFileType = wrapper.application; includeInIndex = 0; path = Wordle.app; sourceTree = BUILT_PRODUCTS_DIR; };
		CF02CF86281AA17D00C3CF73 /* AppDelegate.swift */ = {isa = PBXFileReference; lastKnownFileType = sourcecode.swift; path = AppDelegate.swift; sourceTree = "<group>"; };
		CF02CF88281AA17D00C3CF73 /* SceneDelegate.swift */ = {isa = PBXFileReference; lastKnownFileType = sourcecode.swift; path = SceneDelegate.swift; sourceTree = "<group>"; };
		CF02CF8A281AA17D00C3CF73 /* ViewController.swift */ = {isa = PBXFileReference; lastKnownFileType = sourcecode.swift; path = ViewController.swift; sourceTree = "<group>"; };
		CF02CF8D281AA17D00C3CF73 /* Base */ = {isa = PBXFileReference; lastKnownFileType = file.storyboard; name = Base; path = Base.lproj/Main.storyboard; sourceTree = "<group>"; };
		CF02CF8F281AA17D00C3CF73 /* Assets.xcassets */ = {isa = PBXFileReference; lastKnownFileType = folder.assetcatalog; path = Assets.xcassets; sourceTree = "<group>"; };
		CF02CF92281AA17D00C3CF73 /* Base */ = {isa = PBXFileReference; lastKnownFileType = file.storyboard; name = Base; path = Base.lproj/LaunchScreen.storyboard; sourceTree = "<group>"; };
		CF02CF94281AA17D00C3CF73 /* Info.plist */ = {isa = PBXFileReference; lastKnownFileType = text.plist.xml; path = Info.plist; sourceTree = "<group>"; };
		CF02CF9A281AA22100C3CF73 /* KeyboardViewController.swift */ = {isa = PBXFileReference; lastKnownFileType = sourcecode.swift; path = KeyboardViewController.swift; sourceTree = "<group>"; };
		CF02CF9C281AA24600C3CF73 /* LetterBoardViewController.swift */ = {isa = PBXFileReference; lastKnownFileType = sourcecode.swift; path = LetterBoardViewController.swift; sourceTree = "<group>"; };
		CF02CF9E281AB4F500C3CF73 /* KeyCell.swift */ = {isa = PBXFileReference; lastKnownFileType = sourcecode.swift; path = KeyCell.swift; sourceTree = "<group>"; };
/* End PBXFileReference section */

/* Begin PBXFrameworksBuildPhase section */
		CF02CF80281AA17D00C3CF73 /* Frameworks */ = {
			isa = PBXFrameworksBuildPhase;
			buildActionMask = 2147483647;
			files = (
			);
			runOnlyForDeploymentPostprocessing = 0;
		};
/* End PBXFrameworksBuildPhase section */

/* Begin PBXGroup section */
		CF02CF7A281AA17D00C3CF73 = {
			isa = PBXGroup;
			children = (
				CF02CF85281AA17D00C3CF73 /* Wordle */,
				CF02CF84281AA17D00C3CF73 /* Products */,
			);
			sourceTree = "<group>";
		};
		CF02CF84281AA17D00C3CF73 /* Products */ = {
			isa = PBXGroup;
			children = (
				CF02CF83281AA17D00C3CF73 /* Wordle.app */,
			);
			name = Products;
			sourceTree = "<group>";
		};
		CF02CF85281AA17D00C3CF73 /* Wordle */ = {
			isa = PBXGroup;
			children = (
				CF02CFA0281AB55E00C3CF73 /* VC */,
				CF02CF9E281AB4F500C3CF73 /* KeyCell.swift */,
				CF02CF8C281AA17D00C3CF73 /* Main.storyboard */,
				CF02CF8F281AA17D00C3CF73 /* Assets.xcassets */,
				CF02CF86281AA17D00C3CF73 /* AppDelegate.swift */,
				CF02CF88281AA17D00C3CF73 /* SceneDelegate.swift */,
				CF02CF91281AA17D00C3CF73 /* LaunchScreen.storyboard */,
				CF02CF94281AA17D00C3CF73 /* Info.plist */,
			);
			path = Wordle;
			sourceTree = "<group>";
		};
		CF02CFA0281AB55E00C3CF73 /* VC */ = {
			isa = PBXGroup;
			children = (
				CF02CF9A281AA22100C3CF73 /* KeyboardViewController.swift */,
				CF02CF9C281AA24600C3CF73 /* LetterBoardViewController.swift */,
				CF02CF8A281AA17D00C3CF73 /* ViewController.swift */,
			);
			path = VC;
			sourceTree = "<group>";
		};
/* End PBXGroup section */

/* Begin PBXNativeTarget section */
		CF02CF82281AA17D00C3CF73 /* Wordle */ = {
			isa = PBXNativeTarget;
			buildConfigurationList = CF02CF97281AA17D00C3CF73 /* Build configuration list for PBXNativeTarget "Wordle" */;
			buildPhases = (
				CF02CF7F281AA17D00C3CF73 /* Sources */,
				CF02CF80281AA17D00C3CF73 /* Frameworks */,
				CF02CF81281AA17D00C3CF73 /* Resources */,
			);
			buildRules = (
			);
			dependencies = (
			);
			name = Wordle;
			productName = Wordle;
			productReference = CF02CF83281AA17D00C3CF73 /* Wordle.app */;
			productType = "com.apple.product-type.application";
		};
/* End PBXNativeTarget section */

/* Begin PBXProject section */
		CF02CF7B281AA17D00C3CF73 /* Project object */ = {
			isa = PBXProject;
			attributes = {
				BuildIndependentTargetsInParallel = 1;
				LastSwiftUpdateCheck = 1330;
				LastUpgradeCheck = 1330;
				TargetAttributes = {
					CF02CF82281AA17D00C3CF73 = {
						CreatedOnToolsVersion = 13.3.1;
					};
				};
			};
			buildConfigurationList = CF02CF7E281AA17D00C3CF73 /* Build configuration list for PBXProject "Wordle" */;
			compatibilityVersion = "Xcode 13.0";
			developmentRegion = en;
			hasScannedForEncodings = 0;
			knownRegions = (
				en,
				Base,
			);
			mainGroup = CF02CF7A281AA17D00C3CF73;
			productRefGroup = CF02CF84281AA17D00C3CF73 /* Products */;
			projectDirPath = "";
			projectRoot = "";
			targets = (
				CF02CF82281AA17D00C3CF73 /* Wordle */,
			);
		};
/* End PBXProject section */

/* Begin PBXResourcesBuildPhase section */
		CF02CF81281AA17D00C3CF73 /* Resources */ = {
			isa = PBXResourcesBuildPhase;
			buildActionMask = 2147483647;
			files = (
				CF02CF93281AA17D00C3CF73 /* LaunchScreen.storyboard in Resources */,
				CF02CF90281AA17D00C3CF73 /* Assets.xcassets in Resources */,
				CF02CF8E281AA17D00C3CF73 /* Main.storyboard in Resources */,
			);
			runOnlyForDeploymentPostprocessing = 0;
		};
/* End PBXResourcesBuildPhase section */

/* Begin PBXSourcesBuildPhase section */
		CF02CF7F281AA17D00C3CF73 /* Sources */ = {
			isa = PBXSourcesBuildPhase;
			buildActionMask = 2147483647;
			files = (
				CF02CF9D281AA24600C3CF73 /* LetterBoardViewController.swift in Sources */,
				CF02CF8B281AA17D00C3CF73 /* ViewController.swift in Sources */,
				CF02CF87281AA17D00C3CF73 /* AppDelegate.swift in Sources */,
				CF02CF9F281AB4F500C3CF73 /* KeyCell.swift in Sources */,
				CF02CF89281AA17D00C3CF73 /* SceneDelegate.swift in Sources */,
				CF02CF9B281AA22100C3CF73 /* KeyboardViewController.swift in Sources */,
			);
			runOnlyForDeploymentPostprocessing = 0;
		};
/* End PBXSourcesBuildPhase section */

/* Begin PBXVariantGroup section */
		CF02CF8C281AA17D00C3CF73 /* Main.storyboard */ = {
			isa = PBXVariantGroup;
			children = (
				CF02CF8D281AA17D00C3CF73 /* Base */,
			);
			name = Main.storyboard;
			sourceTree = "<group>";
		};
		CF02CF91281AA17D00C3CF73 /* LaunchScreen.storyboard */ = {
			isa = PBXVariantGroup;
			children = (
				CF02CF92281AA17D00C3CF73 /* Base */,
			);
			name = LaunchScreen.storyboard;
			sourceTree = "<group>";
		};
/* End PBXVariantGroup section */

/* Begin XCBuildConfiguration section */
		CF02CF95281AA17D00C3CF73 /* Debug */ = {
			isa = XCBuildConfiguration;
			buildSettings = {
				ALWAYS_SEARCH_USER_PATHS = NO;
				CLANG_ANALYZER_NONNULL = YES;
				CLANG_ANALYZER_NUMBER_OBJECT_CONVERSION = YES_AGGRESSIVE;
				CLANG_CXX_LANGUAGE_STANDARD = "gnu++17";
				CLANG_ENABLE_MODULES = YES;
				CLANG_ENABLE_OBJC_ARC = YES;
				CLANG_ENABLE_OBJC_WEAK = YES;
				CLANG_WARN_BLOCK_CAPTURE_AUTORELEASING = YES;
				CLANG_WARN_BOOL_CONVERSION = YES;
				CLANG_WARN_COMMA = YES;
				CLANG_WARN_CONSTANT_CONVERSION = YES;
				CLANG_WARN_DEPRECATED_OBJC_IMPLEMENTATIONS = YES;
				CLANG_WARN_DIRECT_OBJC_ISA_USAGE = YES_ERROR;
				CLANG_WARN_DOCUMENTATION_COMMENTS = YES;
				CLANG_WARN_EMPTY_BODY = YES;
				CLANG_WARN_ENUM_CONVERSION = YES;
				CLANG_WARN_INFINITE_RECURSION = YES;
				CLANG_WARN_INT_CONVERSION = YES;
				CLANG_WARN_NON_LITERAL_NULL_CONVERSION = YES;
				CLANG_WARN_OBJC_IMPLICIT_RETAIN_SELF = YES;
				CLANG_WARN_OBJC_LITERAL_CONVERSION = YES;
				CLANG_WARN_OBJC_ROOT_CLASS = YES_ERROR;
				CLANG_WARN_QUOTED_INCLUDE_IN_FRAMEWORK_HEADER = YES;
				CLANG_WARN_RANGE_LOOP_ANALYSIS = YES;
				CLANG_WARN_STRICT_PROTOTYPES = YES;
				CLANG_WARN_SUSPICIOUS_MOVE = YES;
				CLANG_WARN_UNGUARDED_AVAILABILITY = YES_AGGRESSIVE;
				CLANG_WARN_UNREACHABLE_CODE = YES;
				CLANG_WARN__DUPLICATE_METHOD_MATCH = YES;
				COPY_PHASE_STRIP = NO;
				DEBUG_INFORMATION_FORMAT = dwarf;
				ENABLE_STRICT_OBJC_MSGSEND = YES;
				ENABLE_TESTABILITY = YES;
				GCC_C_LANGUAGE_STANDARD = gnu11;
				GCC_DYNAMIC_NO_PIC = NO;
				GCC_NO_COMMON_BLOCKS = YES;
				GCC_OPTIMIZATION_LEVEL = 0;
				GCC_PREPROCESSOR_DEFINITIONS = (
					"DEBUG=1",
					"$(inherited)",
				);
				GCC_WARN_64_TO_32_BIT_CONVERSION = YES;
				GCC_WARN_ABOUT_RETURN_TYPE = YES_ERROR;
				GCC_WARN_UNDECLARED_SELECTOR = YES;
				GCC_WARN_UNINITIALIZED_AUTOS = YES_AGGRESSIVE;
				GCC_WARN_UNUSED_FUNCTION = YES;
				GCC_WARN_UNUSED_VARIABLE = YES;
				IPHONEOS_DEPLOYMENT_TARGET = 15.4;
				MTL_ENABLE_DEBUG_INFO = INCLUDE_SOURCE;
				MTL_FAST_MATH = YES;
				ONLY_ACTIVE_ARCH = YES;
				SDKROOT = iphoneos;
				SWIFT_ACTIVE_COMPILATION_CONDITIONS = DEBUG;
				SWIFT_OPTIMIZATION_LEVEL = "-Onone";
			};
			name = Debug;
		};
		CF02CF96281AA17D00C3CF73 /* Release */ = {
			isa = XCBuildConfiguration;
			buildSettings = {
				ALWAYS_SEARCH_USER_PATHS = NO;
				CLANG_ANALYZER_NONNULL = YES;
				CLANG_ANALYZER_NUMBER_OBJECT_CONVERSION = YES_AGGRESSIVE;
				CLANG_CXX_LANGUAGE_STANDARD = "gnu++17";
				CLANG_ENABLE_MODULES = YES;
				CLANG_ENABLE_OBJC_ARC = YES;
				CLANG_ENABLE_OBJC_WEAK = YES;
				CLANG_WARN_BLOCK_CAPTURE_AUTORELEASING = YES;
				CLANG_WARN_BOOL_CONVERSION = YES;
				CLANG_WARN_COMMA = YES;
				CLANG_WARN_CONSTANT_CONVERSION = YES;
				CLANG_WARN_DEPRECATED_OBJC_IMPLEMENTATIONS = YES;
				CLANG_WARN_DIRECT_OBJC_ISA_USAGE = YES_ERROR;
				CLANG_WARN_DOCUMENTATION_COMMENTS = YES;
				CLANG_WARN_EMPTY_BODY = YES;
				CLANG_WARN_ENUM_CONVERSION = YES;
				CLANG_WARN_INFINITE_RECURSION = YES;
				CLANG_WARN_INT_CONVERSION = YES;
				CLANG_WARN_NON_LITERAL_NULL_CONVERSION = YES;
				CLANG_WARN_OBJC_IMPLICIT_RETAIN_SELF = YES;
				CLANG_WARN_OBJC_LITERAL_CONVERSION = YES;
				CLANG_WARN_OBJC_ROOT_CLASS = YES_ERROR;
				CLANG_WARN_QUOTED_INCLUDE_IN_FRAMEWORK_HEADER = YES;
				CLANG_WARN_RANGE_LOOP_ANALYSIS = YES;
				CLANG_WARN_STRICT_PROTOTYPES = YES;
				CLANG_WARN_SUSPICIOUS_MOVE = YES;
				CLANG_WARN_UNGUARDED_AVAILABILITY = YES_AGGRESSIVE;
				CLANG_WARN_UNREACHABLE_CODE = YES;
				CLANG_WARN__DUPLICATE_METHOD_MATCH = YES;
				COPY_PHASE_STRIP = NO;
				DEBUG_INFORMATION_FORMAT = "dwarf-with-dsym";
				ENABLE_NS_ASSERTIONS = NO;
				ENABLE_STRICT_OBJC_MSGSEND = YES;
				GCC_C_LANGUAGE_STANDARD = gnu11;
				GCC_NO_COMMON_BLOCKS = YES;
				GCC_WARN_64_TO_32_BIT_CONVERSION = YES;
				GCC_WARN_ABOUT_RETURN_TYPE = YES_ERROR;
				GCC_WARN_UNDECLARED_SELECTOR = YES;
				GCC_WARN_UNINITIALIZED_AUTOS = YES_AGGRESSIVE;
				GCC_WARN_UNUSED_FUNCTION = YES;
				GCC_WARN_UNUSED_VARIABLE = YES;
				IPHONEOS_DEPLOYMENT_TARGET = 15.4;
				MTL_ENABLE_DEBUG_INFO = NO;
				MTL_FAST_MATH = YES;
				SDKROOT = iphoneos;
				SWIFT_COMPILATION_MODE = wholemodule;
				SWIFT_OPTIMIZATION_LEVEL = "-O";
				VALIDATE_PRODUCT = YES;
			};
			name = Release;
		};
		CF02CF98281AA17D00C3CF73 /* Debug */ = {
			isa = XCBuildConfiguration;
			buildSettings = {
				ASSETCATALOG_COMPILER_APPICON_NAME = AppIcon;
				ASSETCATALOG_COMPILER_GLOBAL_ACCENT_COLOR_NAME = AccentColor;
				CODE_SIGN_STYLE = Automatic;
				CURRENT_PROJECT_VERSION = 1;
				DEVELOPMENT_TEAM = 795DD242JA;
				GENERATE_INFOPLIST_FILE = YES;
				INFOPLIST_FILE = Wordle/Info.plist;
				INFOPLIST_KEY_UIApplicationSupportsIndirectInputEvents = YES;
				INFOPLIST_KEY_UILaunchStoryboardName = LaunchScreen;
				INFOPLIST_KEY_UIMainStoryboardFile = Main;
				INFOPLIST_KEY_UISupportedInterfaceOrientations_iPad = "UIInterfaceOrientationPortrait UIInterfaceOrientationPortraitUpsideDown UIInterfaceOrientationLandscapeLeft UIInterfaceOrientationLandscapeRight";
				INFOPLIST_KEY_UISupportedInterfaceOrientations_iPhone = "UIInterfaceOrientationPortrait UIInterfaceOrientationLandscapeLeft UIInterfaceOrientationLandscapeRight";
				LD_RUNPATH_SEARCH_PATHS = (
					"$(inherited)",
					"@executable_path/Frameworks",
				);
				MARKETING_VERSION = 1.0;
				PRODUCT_BUNDLE_IDENTIFIER = learn.Wordle;
				PRODUCT_NAME = "$(TARGET_NAME)";
				SWIFT_EMIT_LOC_STRINGS = YES;
				SWIFT_VERSION = 5.0;
				TARGETED_DEVICE_FAMILY = "1,2";
			};
			name = Debug;
		};
		CF02CF99281AA17D00C3CF73 /* Release */ = {
			isa = XCBuildConfiguration;
			buildSettings = {
				ASSETCATALOG_COMPILER_APPICON_NAME = AppIcon;
				ASSETCATALOG_COMPILER_GLOBAL_ACCENT_COLOR_NAME = AccentColor;
				CODE_SIGN_STYLE = Automatic;
				CURRENT_PROJECT_VERSION = 1;
				DEVELOPMENT_TEAM = 795DD242JA;
				GENERATE_INFOPLIST_FILE = YES;
				INFOPLIST_FILE = Wordle/Info.plist;
				INFOPLIST_KEY_UIApplicationSupportsIndirectInputEvents = YES;
				INFOPLIST_KEY_UILaunchStoryboardName = LaunchScreen;
				INFOPLIST_KEY_UIMainStoryboardFile = Main;
				INFOPLIST_KEY_UISupportedInterfaceOrientations_iPad = "UIInterfaceOrientationPortrait UIInterfaceOrientationPortraitUpsideDown UIInterfaceOrientationLandscapeLeft UIInterfaceOrientationLandscapeRight";
				INFOPLIST_KEY_UISupportedInterfaceOrientations_iPhone = "UIInterfaceOrientationPortrait UIInterfaceOrientationLandscapeLeft UIInterfaceOrientationLandscapeRight";
				LD_RUNPATH_SEARCH_PATHS = (
					"$(inherited)",
					"@executable_path/Frameworks",
				);
				MARKETING_VERSION = 1.0;
				PRODUCT_BUNDLE_IDENTIFIER = learn.Wordle;
				PRODUCT_NAME = "$(TARGET_NAME)";
				SWIFT_EMIT_LOC_STRINGS = YES;
				SWIFT_VERSION = 5.0;
				TARGETED_DEVICE_FAMILY = "1,2";
			};
			name = Release;
		};
/* End XCBuildConfiguration section */

/* Begin XCConfigurationList section */
		CF02CF7E281AA17D00C3CF73 /* Build configuration list for PBXProject "Wordle" */ = {
			isa = XCConfigurationList;
			buildConfigurations = (
				CF02CF95281AA17D00C3CF73 /* Debug */,
				CF02CF96281AA17D00C3CF73 /* Release */,
			);
			defaultConfigurationIsVisible = 0;
			defaultConfigurationName = Release;
		};
		CF02CF97281AA17D00C3CF73 /* Build configuration list for PBXNativeTarget "Wordle" */ = {
			isa = XCConfigurationList;
			buildConfigurations = (
				CF02CF98281AA17D00C3CF73 /* Debug */,
				CF02CF99281AA17D00C3CF73 /* Release */,
			);
			defaultConfigurationIsVisible = 0;
			defaultConfigurationName = Release;
		};
/* End XCConfigurationList section */
	};
	rootObject = CF02CF7B281AA17D00C3CF73 /* Project object */;
}
